
Microsoft Visual Studio Solution File, Format Version 12.00
# Visual Studio Version 17
VisualStudioVersion = 17.12.35527.113
MinimumVisualStudioVersion = 10.0.40219.1
Project("{FAE04EC0-301F-11D3-BF4B-00C04F79EFBC}") = "Cable.App", "Cable.App\Cable.App.csproj", "{9B4F8ADA-C4D7-4973-A32F-3518109D79B4}"
EndProject
Project("{FAE04EC0-301F-11D3-BF4B-00C04F79EFBC}") = "Cable.SourceGenerators", "Cable.SourceGenerators\Cable.SourceGenerators.csproj", "{9BF0F275-C7F8-415F-A38A-2A1F15EA71B5}"
EndProject
Project("{FAE04EC0-301F-11D3-BF4B-00C04F79EFBC}") = "Cable.Core", "Cable.Core\Cable.Core.csproj", "{2E6D5579-937B-4A41-BE37-5146D7B7E413}"
EndProject
Project("{FAE04EC0-301F-11D3-BF4B-00C04F79EFBC}") = "Cable.Data", "Cable.Data\Cable.Data.csproj", "{635983A5-6F65-40F1-B443-29F99B2FE7A9}"
EndProject
Project("{FAE04EC0-301F-11D3-BF4B-00C04F79EFBC}") = "Cable.Renderer", "Cable.Renderer\Cable.Renderer.csproj", "{32EA599C-901A-4B43-95E1-D6011B08D941}"
EndProject
Project("{2150E333-8FDC-42A3-9474-1A3956D46DE8}") = "RnD", "RnD", "{EB8D6A43-B8D0-4F23-80C0-2A60B55C0DD4}"
EndProject
Project("{FAE04EC0-301F-11D3-BF4B-00C04F79EFBC}") = "Cable.Renderer.Development", "Cable.Renderer.Development\Cable.Renderer.Development.csproj", "{5B0D6B93-94C6-46FC-A571-DB2713FBF972}"
EndProject
Project("{2150E333-8FDC-42A3-9474-1A3956D46DE8}") = "Tests", "Tests", "{6FA1A7A2-DE12-41ED-ABA7-AE7F3C1F7FB6}"
EndProject
Project("{FAE04EC0-301F-11D3-BF4B-00C04F79EFBC}") = "Cable.Renderer.Tests", "Cable.Renderer.Tests\Cable.Renderer.Tests.csproj", "{59785413-A484-4520-8D7B-AF4836FE14D0}"
EndProject
Global
	GlobalSection(SolutionConfigurationPlatforms) = preSolution
		Debug|x64 = Debug|x64
		Release|x64 = Release|x64
	EndGlobalSection
	GlobalSection(ProjectConfigurationPlatforms) = postSolution
		{9B4F8ADA-C4D7-4973-A32F-3518109D79B4}.Debug|x64.ActiveCfg = Debug|x64
		{9B4F8ADA-C4D7-4973-A32F-3518109D79B4}.Debug|x64.Build.0 = Debug|x64
		{9B4F8ADA-C4D7-4973-A32F-3518109D79B4}.Release|x64.ActiveCfg = Release|x64
		{9B4F8ADA-C4D7-4973-A32F-3518109D79B4}.Release|x64.Build.0 = Release|x64
		{9BF0F275-C7F8-415F-A38A-2A1F15EA71B5}.Debug|x64.ActiveCfg = Debug|x64
		{9BF0F275-C7F8-415F-A38A-2A1F15EA71B5}.Debug|x64.Build.0 = Debug|x64
		{9BF0F275-C7F8-415F-A38A-2A1F15EA71B5}.Release|x64.ActiveCfg = Release|x64
		{9BF0F275-C7F8-415F-A38A-2A1F15EA71B5}.Release|x64.Build.0 = Release|x64
		{2E6D5579-937B-4A41-BE37-5146D7B7E413}.Debug|x64.ActiveCfg = Debug|x64
		{2E6D5579-937B-4A41-BE37-5146D7B7E413}.Debug|x64.Build.0 = Debug|x64
		{2E6D5579-937B-4A41-BE37-5146D7B7E413}.Release|x64.ActiveCfg = Release|x64
		{2E6D5579-937B-4A41-BE37-5146D7B7E413}.Release|x64.Build.0 = Release|x64
		{635983A5-6F65-40F1-B443-29F99B2FE7A9}.Debug|x64.ActiveCfg = Debug|x64
		{635983A5-6F65-40F1-B443-29F99B2FE7A9}.Debug|x64.Build.0 = Debug|x64
		{635983A5-6F65-40F1-B443-29F99B2FE7A9}.Release|x64.ActiveCfg = Release|x64
		{635983A5-6F65-40F1-B443-29F99B2FE7A9}.Release|x64.Build.0 = Release|x64
		{32EA599C-901A-4B43-95E1-D6011B08D941}.Debug|x64.ActiveCfg = Debug|x64
		{32EA599C-901A-4B43-95E1-D6011B08D941}.Debug|x64.Build.0 = Debug|x64
		{32EA599C-901A-4B43-95E1-D6011B08D941}.Release|x64.ActiveCfg = Release|x64
		{32EA599C-901A-4B43-95E1-D6011B08D941}.Release|x64.Build.0 = Release|x64
		{5B0D6B93-94C6-46FC-A571-DB2713FBF972}.Debug|x64.ActiveCfg = Debug|x64
		{5B0D6B93-94C6-46FC-A571-DB2713FBF972}.Debug|x64.Build.0 = Debug|x64
		{5B0D6B93-94C6-46FC-A571-DB2713FBF972}.Release|x64.ActiveCfg = Release|x64
		{5B0D6B93-94C6-46FC-A571-DB2713FBF972}.Release|x64.Build.0 = Release|x64
		{59785413-A484-4520-8D7B-AF4836FE14D0}.Debug|x64.ActiveCfg = Debug|x64
		{59785413-A484-4520-8D7B-AF4836FE14D0}.Debug|x64.Build.0 = Debug|x64
		{59785413-A484-4520-8D7B-AF4836FE14D0}.Release|x64.ActiveCfg = Release|x64
		{59785413-A484-4520-8D7B-AF4836FE14D0}.Release|x64.Build.0 = Release|x64
	EndGlobalSection
	GlobalSection(SolutionProperties) = preSolution
		HideSolutionNode = FALSE
	EndGlobalSection
	GlobalSection(NestedProjects) = preSolution
		{5B0D6B93-94C6-46FC-A571-DB2713FBF972} = {EB8D6A43-B8D0-4F23-80C0-2A60B55C0DD4}
		{59785413-A484-4520-8D7B-AF4836FE14D0} = {6FA1A7A2-DE12-41ED-ABA7-AE7F3C1F7FB6}
	EndGlobalSection
EndGlobal
